// !$*UTF8*$!
{
	archiveVersion = 1;
	classes = {
	};
	objectVersion = 46;
	objects = {

/* Begin PBXBuildFile section */
		AAD8D0601C3502CC0056C1D8 /* patch.h in CopyFiles */ = {isa = PBXBuildFile; fileRef = AAD8D05F1C3502CC0056C1D8 /* patch.h */; };
		AAD8D0621C3502CC0056C1D8 /* patch.m in Sources */ = {isa = PBXBuildFile; fileRef = AAD8D0611C3502CC0056C1D8 /* patch.m */; };
/* End PBXBuildFile section */

/* Begin PBXCopyFilesBuildPhase section */
		AAD8D05A1C3502CC0056C1D8 /* CopyFiles */ = {
			isa = PBXCopyFilesBuildPhase;
			buildActionMask = 2147483647;
			dstPath = "include/$(PRODUCT_NAME)";
			dstSubfolderSpec = 16;
			files = (
				AAD8D0601C3502CC0056C1D8 /* patch.h in CopyFiles */,
			);
			runOnlyForDeploymentPostprocessing = 0;
		};
/* End PBXCopyFilesBuildPhase section */

/* Begin PBXFileReference section */
		AAD8D05C1C3502CC0056C1D8 /* libpatch.a */ = {isa = PBXFileReference; explicitFileType = archive.ar; includeInIndex = 0; path = libpatch.a; sourceTree = BUILT_PRODUCTS_DIR; };
		AAD8D05F1C3502CC0056C1D8 /* patch.h */ = {isa = PBXFileReference; lastKnownFileType = sourcecode.c.h; path = patch.h; sourceTree = "<group>"; };
		AAD8D0611C3502CC0056C1D8 /* patch.m */ = {isa = PBXFileReference; lastKnownFileType = sourcecode.c.objc; path = patch.m; sourceTree = "<group>"; };
/* End PBXFileReference section */

/* Begin PBXFrameworksBuildPhase section */
		AAD8D0591C3502CC0056C1D8 /* Frameworks */ = {
			isa = PBXFrameworksBuildPhase;
			buildActionMask = 2147483647;
			files = (
			);
			runOnlyForDeploymentPostprocessing = 0;
		};
/* End PBXFrameworksBuildPhase section */

/* Begin PBXGroup section */
		AAD8D0531C3502CC0056C1D8 = {
			isa = PBXGroup;
			children = (
				AAD8D05E1C3502CC0056C1D8 /* patch */,
				AAD8D05D1C3502CC0056C1D8 /* Products */,
			);
			sourceTree = "<group>";
		};
		AAD8D05D1C3502CC0056C1D8 /* Products */ = {
			isa = PBXGroup;
			children = (
				AAD8D05C1C3502CC0056C1D8 /* libpatch.a */,
			);
			name = Products;
			sourceTree = "<group>";
		};
		AAD8D05E1C3502CC0056C1D8 /* patch */ = {
			isa = PBXGroup;
			children = (
				AAD8D05F1C3502CC0056C1D8 /* patch.h */,
				AAD8D0611C3502CC0056C1D8 /* patch.m */,
			);
			path = patch;
			sourceTree = "<group>";
		};
/* End PBXGroup section */

/* Begin PBXNativeTarget section */
		AAD8D05B1C3502CC0056C1D8 /* patch */ = {
			isa = PBXNativeTarget;
			buildConfigurationList = AAD8D0651C3502CC0056C1D8 /* Build configuration list for PBXNativeTarget "patch" */;
			buildPhases = (
				AAD8D0581C3502CC0056C1D8 /* Sources */,
				AAD8D0591C3502CC0056C1D8 /* Frameworks */,
				AAD8D05A1C3502CC0056C1D8 /* CopyFiles */,
			);
			buildRules = (
			);
			dependencies = (
			);
			name = patch;
			productName = patch;
			productReference = AAD8D05C1C3502CC0056C1D8 /* libpatch.a */;
			productType = "com.apple.product-type.library.static";
		};
/* End PBXNativeTarget section */

/* Begin PBXProject section */
		AAD8D0541C3502CC0056C1D8 /* Project object */ = {
			isa = PBXProject;
			attributes = {
				LastUpgradeCheck = 0720;
				ORGANIZATIONNAME = dengjinlong;
				TargetAttributes = {
					AAD8D05B1C3502CC0056C1D8 = {
						CreatedOnToolsVersion = 7.2;
					};
				};
			};
			buildConfigurationList = AAD8D0571C3502CC0056C1D8 /* Build configuration list for PBXProject "patch" */;
			compatibilityVersion = "Xcode 3.2";
			developmentRegion = English;
			hasScannedForEncodings = 0;
			knownRegions = (
				en,
			);
			mainGroup = AAD8D0531C3502CC0056C1D8;
			productRefGroup = AAD8D05D1C3502CC0056C1D8 /* Products */;
			projectDirPath = "";
			projectRoot = "";
			targets = (
				AAD8D05B1C3502CC0056C1D8 /* patch */,
			);
		};
/* End PBXProject section */

/* Begin PBXSourcesBuildPhase section */
		AAD8D0581C3502CC0056C1D8 /* Sources */ = {
			isa = PBXSourcesBuildPhase;
			buildActionMask = 2147483647;
			files = (
				AAD8D0621C3502CC0056C1D8 /* patch.m in Sources */,
			);
			runOnlyForDeploymentPostprocessing = 0;
		};
/* End PBXSourcesBuildPhase section */

/* Begin XCBuildConfiguration section */
		AAD8D0631C3502CC0056C1D8 /* Debug */ = {
			isa = XCBuildConfiguration;
			buildSettings = {
				ALWAYS_SEARCH_USER_PATHS = NO;
				CLANG_CXX_LANGUAGE_STANDARD = "gnu++0x";
				CLANG_CXX_LIBRARY = "libc++";
				CLANG_ENABLE_MODULES = YES;
				CLANG_ENABLE_OBJC_ARC = YES;
				CLANG_WARN_BOOL_CONVERSION = YES;
				CLANG_WARN_CONSTANT_CONVERSION = YES;
				CLANG_WARN_DIRECT_OBJC_ISA_USAGE = YES_ERROR;
				CLANG_WARN_EMPTY_BODY = YES;
				CLANG_WARN_ENUM_CONVERSION = YES;
				CLANG_WARN_INT_CONVERSION = YES;
				CLANG_WARN_OBJC_ROOT_CLASS = YES_ERROR;
				CLANG_WARN_UNREACHABLE_CODE = YES;
				CLANG_WARN__DUPLICATE_METHOD_MATCH = YES;
				"CODE_SIGN_IDENTITY[sdk=iphoneos*]" = "iPhone Developer";
				COPY_PHASE_STRIP = NO;
				DEBUG_INFORMATION_FORMAT = dwarf;
				ENABLE_STRICT_OBJC_MSGSEND = YES;
				ENABLE_TESTABILITY = YES;
				GCC_C_LANGUAGE_STANDARD = gnu99;
				GCC_DYNAMIC_NO_PIC = NO;
				GCC_NO_COMMON_BLOCKS = YES;
				GCC_OPTIMIZATION_LEVEL = 0;
				GCC_PREPROCESSOR_DEFINITIONS = (
					"DEBUG=1",
					"$(inherited)",
				);
				GCC_WARN_64_TO_32_BIT_CONVERSION = YES;
				GCC_WARN_ABOUT_RETURN_TYPE = YES_ERROR;
				GCC_WARN_UNDECLARED_SELECTOR = YES;
				GCC_WARN_UNINITIALIZED_AUTOS = YES_AGGRESSIVE;
				GCC_WARN_UNUSED_FUNCTION = YES;
				GCC_WARN_UNUSED_VARIABLE = YES;
				IPHONEOS_DEPLOYMENT_TARGET = 9.2;
				MTL_ENABLE_DEBUG_INFO = YES;
				ONLY_ACTIVE_ARCH = YES;
				SDKROOT = iphoneos;
			};
			name = Debug;
		};
		AAD8D0641C3502CC0056C1D8 /* Release */ = {
			isa = XCBuildConfiguration;
			buildSettings = {
				ALWAYS_SEARCH_USER_PATHS = NO;
				CLANG_CXX_LANGUAGE_STANDARD = "gnu++0x";
				CLANG_CXX_LIBRARY = "libc++";
				CLANG_ENABLE_MODULES = YES;
				CLANG_ENABLE_OBJC_ARC = YES;
				CLANG_WARN_BOOL_CONVERSION = YES;
				CLANG_WARN_CONSTANT_CONVERSION = YES;
				CLANG_WARN_DIRECT_OBJC_ISA_USAGE = YES_ERROR;
				CLANG_WARN_EMPTY_BODY = YES;
				CLANG_WARN_ENUM_CONVERSION = YES;
				CLANG_WARN_INT_CONVERSION = YES;
				CLANG_WARN_OBJC_ROOT_CLASS = YES_ERROR;
				CLANG_WARN_UNREACHABLE_CODE = YES;
				CLANG_WARN__DUPLICATE_METHOD_MATCH = YES;
				"CODE_SIGN_IDENTITY[sdk=iphoneos*]" = "iPhone Developer";
				COPY_PHASE_STRIP = NO;
				DEBUG_INFORMATION_FORMAT = "dwarf-with-dsym";
				ENABLE_NS_ASSERTIONS = NO;
				ENABLE_STRICT_OBJC_MSGSEND = YES;
				GCC_C_LANGUAGE_STANDARD = gnu99;
				GCC_NO_COMMON_BLOCKS = YES;
				GCC_WARN_64_TO_32_BIT_CONVERSION = YES;
				GCC_WARN_ABOUT_RETURN_TYPE = YES_ERROR;
				GCC_WARN_UNDECLARED_SELECTOR = YES;
				GCC_WARN_UNINITIALIZED_AUTOS = YES_AGGRESSIVE;
				GCC_WARN_UNUSED_FUNCTION = YES;
				GCC_WARN_UNUSED_VARIABLE = YES;
				IPHONEOS_DEPLOYMENT_TARGET = 9.2;
				MTL_ENABLE_DEBUG_INFO = NO;
				SDKROOT = iphoneos;
				VALIDATE_PRODUCT = YES;
			};
			name = Release;
		};
		AAD8D0661C3502CC0056C1D8 /* Debug */ = {
			isa = XCBuildConfiguration;
			buildSettings = {
				OTHER_LDFLAGS = "-ObjC";
				PRODUCT_NAME = "$(TARGET_NAME)";
				SKIP_INSTALL = YES;
			};
			name = Debug;
		};
		AAD8D0671C3502CC0056C1D8 /* Release */ = {
			isa = XCBuildConfiguration;
			buildSettings = {
				OTHER_LDFLAGS = "-ObjC";
				PRODUCT_NAME = "$(TARGET_NAME)";
				SKIP_INSTALL = YES;
			};
			name = Release;
		};
/* End XCBuildConfiguration section */

/* Begin XCConfigurationList section */
		AAD8D0571C3502CC0056C1D8 /* Build configuration list for PBXProject "patch" */ = {
			isa = XCConfigurationList;
			buildConfigurations = (
				AAD8D0631C3502CC0056C1D8 /* Debug */,
				AAD8D0641C3502CC0056C1D8 /* Release */,
			);
			defaultConfigurationIsVisible = 0;
			defaultConfigurationName = Release;
		};
		AAD8D0651C3502CC0056C1D8 /* Build configuration list for PBXNativeTarget "patch" */ = {
			isa = XCConfigurationList;
			buildConfigurations = (
				AAD8D0661C3502CC0056C1D8 /* Debug */,
				AAD8D0671C3502CC0056C1D8 /* Release */,
			);
			defaultConfigurationIsVisible = 0;
		};
/* End XCConfigurationList section */
	};
	rootObject = AAD8D0541C3502CC0056C1D8 /* Project object */;
}
