// !$*UTF8*$!
{
	archiveVersion = 1;
	classes = {
	};
	objectVersion = 46;
	objects = {

/* Begin PBXBuildFile section */
		AAD8D0601C3502CC0056C1D8 /* patch.h in CopyFiles */ = {isa = PBXBuildFile; fileRef = AAD8D05F1C3502CC0056C1D8 /* patch.h */; };
		AAD8D0621C3502CC0056C1D8 /* patch.m in Sources */ = {isa = PBXBuildFile; fileRef = AAD8D0611C3502CC0056C1D8 /* patch.m */; };
		AAD8D0DF1C350BB80056C1D8 /* addext.c in Sources */ = {isa = PBXBuildFile; fileRef = AAD8D0D51C350BB80056C1D8 /* addext.c */; };
		AAD8D0E01C350BB80056C1D8 /* argmatch.c in Sources */ = {isa = PBXBuildFile; fileRef = AAD8D0D61C350BB80056C1D8 /* argmatch.c */; };
		AAD8D0E11C350BB80056C1D8 /* backupfile.c in Sources */ = {isa = PBXBuildFile; fileRef = AAD8D0D81C350BB80056C1D8 /* backupfile.c */; };
		AAD8D0E21C350BB80056C1D8 /* basename.c in Sources */ = {isa = PBXBuildFile; fileRef = AAD8D0DA1C350BB80056C1D8 /* basename.c */; };
		AAD8D0E31C350BB80056C1D8 /* error.c in Sources */ = {isa = PBXBuildFile; fileRef = AAD8D0DD1C350BB80056C1D8 /* error.c */; };
		AAD8D0ED1C350BDC0056C1D8 /* inp.c in Sources */ = {isa = PBXBuildFile; fileRef = AAD8D0E41C350BDC0056C1D8 /* inp.c */; };
		AAD8D0EE1C350BDC0056C1D8 /* maketime.c in Sources */ = {isa = PBXBuildFile; fileRef = AAD8D0E61C350BDC0056C1D8 /* maketime.c */; };
		AAD8D0EF1C350BDC0056C1D8 /* mkdir.c in Sources */ = {isa = PBXBuildFile; fileRef = AAD8D0E81C350BDC0056C1D8 /* mkdir.c */; };
		AAD8D0F01C350BDC0056C1D8 /* partime.c in Sources */ = {isa = PBXBuildFile; fileRef = AAD8D0E91C350BDC0056C1D8 /* partime.c */; };
		AAD8D0F11C350BDC0056C1D8 /* pch.c in Sources */ = {isa = PBXBuildFile; fileRef = AAD8D0EB1C350BDC0056C1D8 /* pch.c */; };
		AAD8D0FD1C350C2C0056C1D8 /* quotearg.c in Sources */ = {isa = PBXBuildFile; fileRef = AAD8D0F21C350C2C0056C1D8 /* quotearg.c */; };
		AAD8D0FE1C350C2C0056C1D8 /* quotesys.c in Sources */ = {isa = PBXBuildFile; fileRef = AAD8D0F41C350C2C0056C1D8 /* quotesys.c */; };
		AAD8D0FF1C350C2C0056C1D8 /* rmdir.c in Sources */ = {isa = PBXBuildFile; fileRef = AAD8D0F61C350C2C0056C1D8 /* rmdir.c */; };
		AAD8D1001C350C2C0056C1D8 /* util.c in Sources */ = {isa = PBXBuildFile; fileRef = AAD8D0F71C350C2C0056C1D8 /* util.c */; };
		AAD8D1011C350C2C0056C1D8 /* version.c in Sources */ = {isa = PBXBuildFile; fileRef = AAD8D0F91C350C2C0056C1D8 /* version.c */; };
		AAD8D1021C350C2C0056C1D8 /* xmalloc.c in Sources */ = {isa = PBXBuildFile; fileRef = AAD8D0FC1C350C2C0056C1D8 /* xmalloc.c */; };
		AAD8D15C1C3513E00056C1D8 /* c_patch.c in Sources */ = {isa = PBXBuildFile; fileRef = AAD8D15B1C3513E00056C1D8 /* c_patch.c */; };
/* End PBXBuildFile section */

/* Begin PBXCopyFilesBuildPhase section */
		AAD8D05A1C3502CC0056C1D8 /* CopyFiles */ = {
			isa = PBXCopyFilesBuildPhase;
			buildActionMask = 2147483647;
			dstPath = "include/$(PRODUCT_NAME)";
			dstSubfolderSpec = 16;
			files = (
				AAD8D0601C3502CC0056C1D8 /* patch.h in CopyFiles */,
			);
			runOnlyForDeploymentPostprocessing = 0;
		};
/* End PBXCopyFilesBuildPhase section */

/* Begin PBXFileReference section */
		AAD8D05C1C3502CC0056C1D8 /* libpatch.a */ = {isa = PBXFileReference; explicitFileType = archive.ar; includeInIndex = 0; path = libpatch.a; sourceTree = BUILT_PRODUCTS_DIR; };
		AAD8D05F1C3502CC0056C1D8 /* patch.h */ = {isa = PBXFileReference; lastKnownFileType = sourcecode.c.h; path = patch.h; sourceTree = "<group>"; };
		AAD8D0611C3502CC0056C1D8 /* patch.m */ = {isa = PBXFileReference; lastKnownFileType = sourcecode.c.objc; path = patch.m; sourceTree = "<group>"; };
		AAD8D0D51C350BB80056C1D8 /* addext.c */ = {isa = PBXFileReference; fileEncoding = 4; lastKnownFileType = sourcecode.c.c; path = addext.c; sourceTree = "<group>"; };
		AAD8D0D61C350BB80056C1D8 /* argmatch.c */ = {isa = PBXFileReference; fileEncoding = 4; lastKnownFileType = sourcecode.c.c; path = argmatch.c; sourceTree = "<group>"; };
		AAD8D0D71C350BB80056C1D8 /* argmatch.h */ = {isa = PBXFileReference; fileEncoding = 4; lastKnownFileType = sourcecode.c.h; path = argmatch.h; sourceTree = "<group>"; };
		AAD8D0D81C350BB80056C1D8 /* backupfile.c */ = {isa = PBXFileReference; fileEncoding = 4; lastKnownFileType = sourcecode.c.c; path = backupfile.c; sourceTree = "<group>"; };
		AAD8D0D91C350BB80056C1D8 /* backupfile.h */ = {isa = PBXFileReference; fileEncoding = 4; lastKnownFileType = sourcecode.c.h; path = backupfile.h; sourceTree = "<group>"; };
		AAD8D0DA1C350BB80056C1D8 /* basename.c */ = {isa = PBXFileReference; fileEncoding = 4; lastKnownFileType = sourcecode.c.c; path = basename.c; sourceTree = "<group>"; };
		AAD8D0DB1C350BB80056C1D8 /* basename.h */ = {isa = PBXFileReference; fileEncoding = 4; lastKnownFileType = sourcecode.c.h; path = basename.h; sourceTree = "<group>"; };
		AAD8D0DC1C350BB80056C1D8 /* common.h */ = {isa = PBXFileReference; fileEncoding = 4; lastKnownFileType = sourcecode.c.h; path = common.h; sourceTree = "<group>"; };
		AAD8D0DD1C350BB80056C1D8 /* error.c */ = {isa = PBXFileReference; fileEncoding = 4; lastKnownFileType = sourcecode.c.c; path = error.c; sourceTree = "<group>"; };
		AAD8D0DE1C350BB80056C1D8 /* error.h */ = {isa = PBXFileReference; fileEncoding = 4; lastKnownFileType = sourcecode.c.h; path = error.h; sourceTree = "<group>"; };
		AAD8D0E41C350BDC0056C1D8 /* inp.c */ = {isa = PBXFileReference; fileEncoding = 4; lastKnownFileType = sourcecode.c.c; path = inp.c; sourceTree = "<group>"; };
		AAD8D0E51C350BDC0056C1D8 /* inp.h */ = {isa = PBXFileReference; fileEncoding = 4; lastKnownFileType = sourcecode.c.h; path = inp.h; sourceTree = "<group>"; };
		AAD8D0E61C350BDC0056C1D8 /* maketime.c */ = {isa = PBXFileReference; fileEncoding = 4; lastKnownFileType = sourcecode.c.c; path = maketime.c; sourceTree = "<group>"; };
		AAD8D0E71C350BDC0056C1D8 /* maketime.h */ = {isa = PBXFileReference; fileEncoding = 4; lastKnownFileType = sourcecode.c.h; path = maketime.h; sourceTree = "<group>"; };
		AAD8D0E81C350BDC0056C1D8 /* mkdir.c */ = {isa = PBXFileReference; fileEncoding = 4; lastKnownFileType = sourcecode.c.c; path = mkdir.c; sourceTree = "<group>"; };
		AAD8D0E91C350BDC0056C1D8 /* partime.c */ = {isa = PBXFileReference; fileEncoding = 4; lastKnownFileType = sourcecode.c.c; path = partime.c; sourceTree = "<group>"; };
		AAD8D0EA1C350BDC0056C1D8 /* partime.h */ = {isa = PBXFileReference; fileEncoding = 4; lastKnownFileType = sourcecode.c.h; path = partime.h; sourceTree = "<group>"; };
		AAD8D0EB1C350BDC0056C1D8 /* pch.c */ = {isa = PBXFileReference; fileEncoding = 4; lastKnownFileType = sourcecode.c.c; path = pch.c; sourceTree = "<group>"; };
		AAD8D0EC1C350BDC0056C1D8 /* pch.h */ = {isa = PBXFileReference; fileEncoding = 4; lastKnownFileType = sourcecode.c.h; path = pch.h; sourceTree = "<group>"; };
		AAD8D0F21C350C2C0056C1D8 /* quotearg.c */ = {isa = PBXFileReference; fileEncoding = 4; lastKnownFileType = sourcecode.c.c; path = quotearg.c; sourceTree = "<group>"; };
		AAD8D0F31C350C2C0056C1D8 /* quotearg.h */ = {isa = PBXFileReference; fileEncoding = 4; lastKnownFileType = sourcecode.c.h; path = quotearg.h; sourceTree = "<group>"; };
		AAD8D0F41C350C2C0056C1D8 /* quotesys.c */ = {isa = PBXFileReference; fileEncoding = 4; lastKnownFileType = sourcecode.c.c; path = quotesys.c; sourceTree = "<group>"; };
		AAD8D0F51C350C2C0056C1D8 /* quotesys.h */ = {isa = PBXFileReference; fileEncoding = 4; lastKnownFileType = sourcecode.c.h; path = quotesys.h; sourceTree = "<group>"; };
		AAD8D0F61C350C2C0056C1D8 /* rmdir.c */ = {isa = PBXFileReference; fileEncoding = 4; lastKnownFileType = sourcecode.c.c; path = rmdir.c; sourceTree = "<group>"; };
		AAD8D0F71C350C2C0056C1D8 /* util.c */ = {isa = PBXFileReference; fileEncoding = 4; lastKnownFileType = sourcecode.c.c; path = util.c; sourceTree = "<group>"; };
		AAD8D0F81C350C2C0056C1D8 /* util.h */ = {isa = PBXFileReference; fileEncoding = 4; lastKnownFileType = sourcecode.c.h; path = util.h; sourceTree = "<group>"; };
		AAD8D0F91C350C2C0056C1D8 /* version.c */ = {isa = PBXFileReference; fileEncoding = 4; lastKnownFileType = sourcecode.c.c; path = version.c; sourceTree = "<group>"; };
		AAD8D0FA1C350C2C0056C1D8 /* version.h */ = {isa = PBXFileReference; fileEncoding = 4; lastKnownFileType = sourcecode.c.h; path = version.h; sourceTree = "<group>"; };
		AAD8D0FB1C350C2C0056C1D8 /* xalloc.h */ = {isa = PBXFileReference; fileEncoding = 4; lastKnownFileType = sourcecode.c.h; path = xalloc.h; sourceTree = "<group>"; };
		AAD8D0FC1C350C2C0056C1D8 /* xmalloc.c */ = {isa = PBXFileReference; fileEncoding = 4; lastKnownFileType = sourcecode.c.c; path = xmalloc.c; sourceTree = "<group>"; };
		AAD8D1031C350C790056C1D8 /* config.h */ = {isa = PBXFileReference; fileEncoding = 4; lastKnownFileType = sourcecode.c.h; path = config.h; sourceTree = "<group>"; };
		AAD8D15B1C3513E00056C1D8 /* c_patch.c */ = {isa = PBXFileReference; fileEncoding = 4; lastKnownFileType = sourcecode.c.c; path = c_patch.c; sourceTree = "<group>"; };
/* End PBXFileReference section */

/* Begin PBXFrameworksBuildPhase section */
		AAD8D0591C3502CC0056C1D8 /* Frameworks */ = {
			isa = PBXFrameworksBuildPhase;
			buildActionMask = 2147483647;
			files = (
			);
			runOnlyForDeploymentPostprocessing = 0;
		};
/* End PBXFrameworksBuildPhase section */

/* Begin PBXGroup section */
		AAD8D0531C3502CC0056C1D8 = {
			isa = PBXGroup;
			children = (
				AAD8D05E1C3502CC0056C1D8 /* patch */,
				AAD8D05D1C3502CC0056C1D8 /* Products */,
			);
			sourceTree = "<group>";
		};
		AAD8D05D1C3502CC0056C1D8 /* Products */ = {
			isa = PBXGroup;
			children = (
				AAD8D05C1C3502CC0056C1D8 /* libpatch.a */,
			);
			name = Products;
			sourceTree = "<group>";
		};
		AAD8D05E1C3502CC0056C1D8 /* patch */ = {
			isa = PBXGroup;
			children = (
				AAD8D15B1C3513E00056C1D8 /* c_patch.c */,
				AAD8D1031C350C790056C1D8 /* config.h */,
				AAD8D0F21C350C2C0056C1D8 /* quotearg.c */,
				AAD8D0F31C350C2C0056C1D8 /* quotearg.h */,
				AAD8D0F41C350C2C0056C1D8 /* quotesys.c */,
				AAD8D0F51C350C2C0056C1D8 /* quotesys.h */,
				AAD8D0F61C350C2C0056C1D8 /* rmdir.c */,
				AAD8D0F71C350C2C0056C1D8 /* util.c */,
				AAD8D0F81C350C2C0056C1D8 /* util.h */,
				AAD8D0F91C350C2C0056C1D8 /* version.c */,
				AAD8D0FA1C350C2C0056C1D8 /* version.h */,
				AAD8D0FB1C350C2C0056C1D8 /* xalloc.h */,
				AAD8D0FC1C350C2C0056C1D8 /* xmalloc.c */,
				AAD8D0E41C350BDC0056C1D8 /* inp.c */,
				AAD8D0E51C350BDC0056C1D8 /* inp.h */,
				AAD8D0E61C350BDC0056C1D8 /* maketime.c */,
				AAD8D0E71C350BDC0056C1D8 /* maketime.h */,
				AAD8D0E81C350BDC0056C1D8 /* mkdir.c */,
				AAD8D0E91C350BDC0056C1D8 /* partime.c */,
				AAD8D0EA1C350BDC0056C1D8 /* partime.h */,
				AAD8D0EB1C350BDC0056C1D8 /* pch.c */,
				AAD8D0EC1C350BDC0056C1D8 /* pch.h */,
				AAD8D0D51C350BB80056C1D8 /* addext.c */,
				AAD8D0D61C350BB80056C1D8 /* argmatch.c */,
				AAD8D0D71C350BB80056C1D8 /* argmatch.h */,
				AAD8D0D81C350BB80056C1D8 /* backupfile.c */,
				AAD8D0D91C350BB80056C1D8 /* backupfile.h */,
				AAD8D0DA1C350BB80056C1D8 /* basename.c */,
				AAD8D0DB1C350BB80056C1D8 /* basename.h */,
				AAD8D0DC1C350BB80056C1D8 /* common.h */,
				AAD8D0DD1C350BB80056C1D8 /* error.c */,
				AAD8D0DE1C350BB80056C1D8 /* error.h */,
				AAD8D05F1C3502CC0056C1D8 /* patch.h */,
				AAD8D0611C3502CC0056C1D8 /* patch.m */,
			);
			path = patch;
			sourceTree = "<group>";
		};
/* End PBXGroup section */

/* Begin PBXNativeTarget section */
		AAD8D05B1C3502CC0056C1D8 /* patch */ = {
			isa = PBXNativeTarget;
			buildConfigurationList = AAD8D0651C3502CC0056C1D8 /* Build configuration list for PBXNativeTarget "patch" */;
			buildPhases = (
				AAD8D0581C3502CC0056C1D8 /* Sources */,
				AAD8D0591C3502CC0056C1D8 /* Frameworks */,
				AAD8D05A1C3502CC0056C1D8 /* CopyFiles */,
			);
			buildRules = (
			);
			dependencies = (
			);
			name = patch;
			productName = patch;
			productReference = AAD8D05C1C3502CC0056C1D8 /* libpatch.a */;
			productType = "com.apple.product-type.library.static";
		};
/* End PBXNativeTarget section */

/* Begin PBXProject section */
		AAD8D0541C3502CC0056C1D8 /* Project object */ = {
			isa = PBXProject;
			attributes = {
				LastUpgradeCheck = 0720;
				ORGANIZATIONNAME = dengjinlong;
				TargetAttributes = {
					AAD8D05B1C3502CC0056C1D8 = {
						CreatedOnToolsVersion = 7.2;
					};
				};
			};
			buildConfigurationList = AAD8D0571C3502CC0056C1D8 /* Build configuration list for PBXProject "patch" */;
			compatibilityVersion = "Xcode 3.2";
			developmentRegion = English;
			hasScannedForEncodings = 0;
			knownRegions = (
				en,
			);
			mainGroup = AAD8D0531C3502CC0056C1D8;
			productRefGroup = AAD8D05D1C3502CC0056C1D8 /* Products */;
			projectDirPath = "";
			projectRoot = "";
			targets = (
				AAD8D05B1C3502CC0056C1D8 /* patch */,
			);
		};
/* End PBXProject section */

/* Begin PBXSourcesBuildPhase section */
		AAD8D0581C3502CC0056C1D8 /* Sources */ = {
			isa = PBXSourcesBuildPhase;
			buildActionMask = 2147483647;
			files = (
				AAD8D1011C350C2C0056C1D8 /* version.c in Sources */,
				AAD8D0F11C350BDC0056C1D8 /* pch.c in Sources */,
				AAD8D1021C350C2C0056C1D8 /* xmalloc.c in Sources */,
				AAD8D0EE1C350BDC0056C1D8 /* maketime.c in Sources */,
				AAD8D0E31C350BB80056C1D8 /* error.c in Sources */,
				AAD8D0621C3502CC0056C1D8 /* patch.m in Sources */,
				AAD8D0E01C350BB80056C1D8 /* argmatch.c in Sources */,
				AAD8D1001C350C2C0056C1D8 /* util.c in Sources */,
				AAD8D0DF1C350BB80056C1D8 /* addext.c in Sources */,
				AAD8D0FE1C350C2C0056C1D8 /* quotesys.c in Sources */,
				AAD8D0E21C350BB80056C1D8 /* basename.c in Sources */,
				AAD8D0FF1C350C2C0056C1D8 /* rmdir.c in Sources */,
				AAD8D0EF1C350BDC0056C1D8 /* mkdir.c in Sources */,
				AAD8D0ED1C350BDC0056C1D8 /* inp.c in Sources */,
				AAD8D0F01C350BDC0056C1D8 /* partime.c in Sources */,
				AAD8D0E11C350BB80056C1D8 /* backupfile.c in Sources */,
				AAD8D15C1C3513E00056C1D8 /* c_patch.c in Sources */,
				AAD8D0FD1C350C2C0056C1D8 /* quotearg.c in Sources */,
			);
			runOnlyForDeploymentPostprocessing = 0;
		};
/* End PBXSourcesBuildPhase section */

/* Begin XCBuildConfiguration section */
		AAD8D0631C3502CC0056C1D8 /* Debug */ = {
			isa = XCBuildConfiguration;
			buildSettings = {
				ALWAYS_SEARCH_USER_PATHS = NO;
				CLANG_CXX_LANGUAGE_STANDARD = "gnu++0x";
				CLANG_CXX_LIBRARY = "libc++";
				CLANG_ENABLE_MODULES = YES;
				CLANG_ENABLE_OBJC_ARC = YES;
				CLANG_WARN_BOOL_CONVERSION = YES;
				CLANG_WARN_CONSTANT_CONVERSION = YES;
				CLANG_WARN_DIRECT_OBJC_ISA_USAGE = YES_ERROR;
				CLANG_WARN_EMPTY_BODY = YES;
				CLANG_WARN_ENUM_CONVERSION = YES;
				CLANG_WARN_INT_CONVERSION = YES;
				CLANG_WARN_OBJC_ROOT_CLASS = YES_ERROR;
				CLANG_WARN_UNREACHABLE_CODE = YES;
				CLANG_WARN__DUPLICATE_METHOD_MATCH = YES;
				"CODE_SIGN_IDENTITY[sdk=iphoneos*]" = "iPhone Developer";
				COPY_PHASE_STRIP = NO;
				DEBUG_INFORMATION_FORMAT = dwarf;
				ENABLE_STRICT_OBJC_MSGSEND = YES;
				ENABLE_TESTABILITY = YES;
				GCC_C_LANGUAGE_STANDARD = gnu99;
				GCC_DYNAMIC_NO_PIC = NO;
				GCC_NO_COMMON_BLOCKS = YES;
				GCC_OPTIMIZATION_LEVEL = 0;
				GCC_PREPROCESSOR_DEFINITIONS = (
					"DEBUG=1",
					"$(inherited)",
				);
				GCC_WARN_64_TO_32_BIT_CONVERSION = YES;
				GCC_WARN_ABOUT_RETURN_TYPE = YES_ERROR;
				GCC_WARN_UNDECLARED_SELECTOR = YES;
				GCC_WARN_UNINITIALIZED_AUTOS = YES_AGGRESSIVE;
				GCC_WARN_UNUSED_FUNCTION = YES;
				GCC_WARN_UNUSED_VARIABLE = YES;
				IPHONEOS_DEPLOYMENT_TARGET = 9.2;
				MTL_ENABLE_DEBUG_INFO = YES;
				ONLY_ACTIVE_ARCH = YES;
				SDKROOT = iphoneos;
			};
			name = Debug;
		};
		AAD8D0641C3502CC0056C1D8 /* Release */ = {
			isa = XCBuildConfiguration;
			buildSettings = {
				ALWAYS_SEARCH_USER_PATHS = NO;
				CLANG_CXX_LANGUAGE_STANDARD = "gnu++0x";
				CLANG_CXX_LIBRARY = "libc++";
				CLANG_ENABLE_MODULES = YES;
				CLANG_ENABLE_OBJC_ARC = YES;
				CLANG_WARN_BOOL_CONVERSION = YES;
				CLANG_WARN_CONSTANT_CONVERSION = YES;
				CLANG_WARN_DIRECT_OBJC_ISA_USAGE = YES_ERROR;
				CLANG_WARN_EMPTY_BODY = YES;
				CLANG_WARN_ENUM_CONVERSION = YES;
				CLANG_WARN_INT_CONVERSION = YES;
				CLANG_WARN_OBJC_ROOT_CLASS = YES_ERROR;
				CLANG_WARN_UNREACHABLE_CODE = YES;
				CLANG_WARN__DUPLICATE_METHOD_MATCH = YES;
				"CODE_SIGN_IDENTITY[sdk=iphoneos*]" = "iPhone Developer";
				COPY_PHASE_STRIP = NO;
				DEBUG_INFORMATION_FORMAT = "dwarf-with-dsym";
				ENABLE_NS_ASSERTIONS = NO;
				ENABLE_STRICT_OBJC_MSGSEND = YES;
				GCC_C_LANGUAGE_STANDARD = gnu99;
				GCC_NO_COMMON_BLOCKS = YES;
				GCC_WARN_64_TO_32_BIT_CONVERSION = YES;
				GCC_WARN_ABOUT_RETURN_TYPE = YES_ERROR;
				GCC_WARN_UNDECLARED_SELECTOR = YES;
				GCC_WARN_UNINITIALIZED_AUTOS = YES_AGGRESSIVE;
				GCC_WARN_UNUSED_FUNCTION = YES;
				GCC_WARN_UNUSED_VARIABLE = YES;
				IPHONEOS_DEPLOYMENT_TARGET = 9.2;
				MTL_ENABLE_DEBUG_INFO = NO;
				SDKROOT = iphoneos;
				VALIDATE_PRODUCT = YES;
			};
			name = Release;
		};
		AAD8D0661C3502CC0056C1D8 /* Debug */ = {
			isa = XCBuildConfiguration;
			buildSettings = {
				GCC_PREPROCESSOR_DEFINITIONS = (
					"DEBUG=1",
					"$(inherited)",
					HAVE_CONFIG_H,
				);
				HEADER_SEARCH_PATHS = "$(SRCROOT)/**";
				OTHER_LDFLAGS = "-ObjC";
				PRODUCT_NAME = "$(TARGET_NAME)";
				SKIP_INSTALL = YES;
			};
			name = Debug;
		};
		AAD8D0671C3502CC0056C1D8 /* Release */ = {
			isa = XCBuildConfiguration;
			buildSettings = {
				HEADER_SEARCH_PATHS = "$(SRCROOT)/**";
				OTHER_LDFLAGS = "-ObjC";
				PRODUCT_NAME = "$(TARGET_NAME)";
				SKIP_INSTALL = YES;
			};
			name = Release;
		};
/* End XCBuildConfiguration section */

/* Begin XCConfigurationList section */
		AAD8D0571C3502CC0056C1D8 /* Build configuration list for PBXProject "patch" */ = {
			isa = XCConfigurationList;
			buildConfigurations = (
				AAD8D0631C3502CC0056C1D8 /* Debug */,
				AAD8D0641C3502CC0056C1D8 /* Release */,
			);
			defaultConfigurationIsVisible = 0;
			defaultConfigurationName = Release;
		};
		AAD8D0651C3502CC0056C1D8 /* Build configuration list for PBXNativeTarget "patch" */ = {
			isa = XCConfigurationList;
			buildConfigurations = (
				AAD8D0661C3502CC0056C1D8 /* Debug */,
				AAD8D0671C3502CC0056C1D8 /* Release */,
			);
			defaultConfigurationIsVisible = 0;
		};
/* End XCConfigurationList section */
	};
	rootObject = AAD8D0541C3502CC0056C1D8 /* Project object */;
}
